
Microsoft Visual Studio Solution File, Format Version 12.00
# Visual Studio Version 17
VisualStudioVersion = 17.3.32929.385
MinimumVisualStudioVersion = 10.0.40219.1
Project("{FAE04EC0-301F-11D3-BF4B-00C04F79EFBC}") = "Pronin", "Pronin\Pronin.csproj", "{45F702FF-144E-4B6E-8DCB-DC3C7143ADB0}"
EndProject
Project("{FAE04EC0-301F-11D3-BF4B-00C04F79EFBC}") = "ProninTests", "ProninTests\ProninTests.csproj", "{61D2B21C-7016-4FD6-9A0D-6B43D12989D2}"
EndProject
Global
	GlobalSection(SolutionConfigurationPlatforms) = preSolution
		Debug|Any CPU = Debug|Any CPU
		Release|Any CPU = Release|Any CPU
	EndGlobalSection
	GlobalSection(ProjectConfigurationPlatforms) = postSolution
		{45F702FF-144E-4B6E-8DCB-DC3C7143ADB0}.Debug|Any CPU.ActiveCfg = Debug|Any CPU
		{45F702FF-144E-4B6E-8DCB-DC3C7143ADB0}.Debug|Any CPU.Build.0 = Debug|Any CPU
		{45F702FF-144E-4B6E-8DCB-DC3C7143ADB0}.Release|Any CPU.ActiveCfg = Release|Any CPU
		{45F702FF-144E-4B6E-8DCB-DC3C7143ADB0}.Release|Any CPU.Build.0 = Release|Any CPU
		{61D2B21C-7016-4FD6-9A0D-6B43D12989D2}.Debug|Any CPU.ActiveCfg = Debug|Any CPU
		{61D2B21C-7016-4FD6-9A0D-6B43D12989D2}.Debug|Any CPU.Build.0 = Debug|Any CPU
		{61D2B21C-7016-4FD6-9A0D-6B43D12989D2}.Release|Any CPU.ActiveCfg = Release|Any CPU
		{61D2B21C-7016-4FD6-9A0D-6B43D12989D2}.Release|Any CPU.Build.0 = Release|Any CPU
	EndGlobalSection
	GlobalSection(SolutionProperties) = preSolution
		HideSolutionNode = FALSE
	EndGlobalSection
	GlobalSection(ExtensibilityGlobals) = postSolution
		SolutionGuid = {60131E0B-D7BC-476E-8AE7-8E8AA62F89C5}
	EndGlobalSection
EndGlobal
